// !$*UTF8*$!
{
	archiveVersion = 1;
	classes = {
	};
	objectVersion = 46;
	objects = {

/* Begin PBXBuildFile section */
		670C42801D110818000AD858 /* MFSideMenuContainerViewController.m in Sources */ = {isa = PBXBuildFile; fileRef = 670C427B1D110818000AD858 /* MFSideMenuContainerViewController.m */; };
		670C42811D110818000AD858 /* MFSideMenuShadow.m in Sources */ = {isa = PBXBuildFile; fileRef = 670C427D1D110818000AD858 /* MFSideMenuShadow.m */; };
		670C42821D110818000AD858 /* UIViewController+MFSideMenuAdditions.m in Sources */ = {isa = PBXBuildFile; fileRef = 670C427F1D110818000AD858 /* UIViewController+MFSideMenuAdditions.m */; };
		670C42881D1108EA000AD858 /* Menu.m in Sources */ = {isa = PBXBuildFile; fileRef = 670C42861D1108EA000AD858 /* Menu.m */; };
		670C42891D1108EA000AD858 /* Menu.storyboard in Resources */ = {isa = PBXBuildFile; fileRef = 670C42871D1108EA000AD858 /* Menu.storyboard */; };
		670C428D1D11091F000AD858 /* Notes.m in Sources */ = {isa = PBXBuildFile; fileRef = 670C428C1D11091F000AD858 /* Notes.m */; };
		670C428F1D110929000AD858 /* Notes.storyboard in Resources */ = {isa = PBXBuildFile; fileRef = 670C428E1D110929000AD858 /* Notes.storyboard */; };
		6748CE6E1D11E75C00A05BA6 /* Intervals.m in Sources */ = {isa = PBXBuildFile; fileRef = 6748CE6D1D11E75C00A05BA6 /* Intervals.m */; };
		6748CE701D11E77400A05BA6 /* Intervals.storyboard in Resources */ = {isa = PBXBuildFile; fileRef = 6748CE6F1D11E77400A05BA6 /* Intervals.storyboard */; };
		6748CE731D11E7CA00A05BA6 /* Chords.m in Sources */ = {isa = PBXBuildFile; fileRef = 6748CE721D11E7CA00A05BA6 /* Chords.m */; };
		6748CE751D11E7D500A05BA6 /* Chords.storyboard in Resources */ = {isa = PBXBuildFile; fileRef = 6748CE741D11E7D500A05BA6 /* Chords.storyboard */; };
		6748CE781D11E7E300A05BA6 /* Modes.m in Sources */ = {isa = PBXBuildFile; fileRef = 6748CE771D11E7E300A05BA6 /* Modes.m */; };
		6748CE7A1D11E7EB00A05BA6 /* Modes.storyboard in Resources */ = {isa = PBXBuildFile; fileRef = 6748CE791D11E7EB00A05BA6 /* Modes.storyboard */; };
		6748CE7D1D11E7F900A05BA6 /* Scales.m in Sources */ = {isa = PBXBuildFile; fileRef = 6748CE7C1D11E7F900A05BA6 /* Scales.m */; };
		6748CE7F1D11E80500A05BA6 /* Scales.storyboard in Resources */ = {isa = PBXBuildFile; fileRef = 6748CE7E1D11E80500A05BA6 /* Scales.storyboard */; };
		67F55AD01D1005CC006B98FD /* main.m in Sources */ = {isa = PBXBuildFile; fileRef = 67F55ACF1D1005CC006B98FD /* main.m */; };
		67F55AD31D1005CC006B98FD /* AppDelegate.m in Sources */ = {isa = PBXBuildFile; fileRef = 67F55AD21D1005CC006B98FD /* AppDelegate.m */; };
		67F55ADB1D1005CC006B98FD /* Assets.xcassets in Resources */ = {isa = PBXBuildFile; fileRef = 67F55ADA1D1005CC006B98FD /* Assets.xcassets */; };
		67F55ADE1D1005CC006B98FD /* LaunchScreen.storyboard in Resources */ = {isa = PBXBuildFile; fileRef = 67F55ADC1D1005CC006B98FD /* LaunchScreen.storyboard */; };
		67FAB6601D110C3A0000F90E /* MenuCell.m in Sources */ = {isa = PBXBuildFile; fileRef = 67FAB65F1D110C3A0000F90E /* MenuCell.m */; };
		67FDC3CB1D11D6D200759182 /* TheoryLibrary.m in Sources */ = {isa = PBXBuildFile; fileRef = 67FDC3CA1D11D6D200759182 /* TheoryLibrary.m */; };
		67FDC3CE1D11E1D000759182 /* PracticeType.m in Sources */ = {isa = PBXBuildFile; fileRef = 67FDC3CD1D11E1D000759182 /* PracticeType.m */; };
/* End PBXBuildFile section */

/* Begin PBXFileReference section */
		670C42791D110818000AD858 /* MFSideMenu.h */ = {isa = PBXFileReference; fileEncoding = 4; lastKnownFileType = sourcecode.c.h; path = MFSideMenu.h; sourceTree = "<group>"; };
		670C427A1D110818000AD858 /* MFSideMenuContainerViewController.h */ = {isa = PBXFileReference; fileEncoding = 4; lastKnownFileType = sourcecode.c.h; path = MFSideMenuContainerViewController.h; sourceTree = "<group>"; };
		670C427B1D110818000AD858 /* MFSideMenuContainerViewController.m */ = {isa = PBXFileReference; fileEncoding = 4; lastKnownFileType = sourcecode.c.objc; path = MFSideMenuContainerViewController.m; sourceTree = "<group>"; };
		670C427C1D110818000AD858 /* MFSideMenuShadow.h */ = {isa = PBXFileReference; fileEncoding = 4; lastKnownFileType = sourcecode.c.h; path = MFSideMenuShadow.h; sourceTree = "<group>"; };
		670C427D1D110818000AD858 /* MFSideMenuShadow.m */ = {isa = PBXFileReference; fileEncoding = 4; lastKnownFileType = sourcecode.c.objc; path = MFSideMenuShadow.m; sourceTree = "<group>"; };
		670C427E1D110818000AD858 /* UIViewController+MFSideMenuAdditions.h */ = {isa = PBXFileReference; fileEncoding = 4; lastKnownFileType = sourcecode.c.h; path = "UIViewController+MFSideMenuAdditions.h"; sourceTree = "<group>"; };
		670C427F1D110818000AD858 /* UIViewController+MFSideMenuAdditions.m */ = {isa = PBXFileReference; fileEncoding = 4; lastKnownFileType = sourcecode.c.objc; path = "UIViewController+MFSideMenuAdditions.m"; sourceTree = "<group>"; };
		670C42851D1108EA000AD858 /* Menu.h */ = {isa = PBXFileReference; fileEncoding = 4; lastKnownFileType = sourcecode.c.h; path = Menu.h; sourceTree = "<group>"; };
		670C42861D1108EA000AD858 /* Menu.m */ = {isa = PBXFileReference; fileEncoding = 4; lastKnownFileType = sourcecode.c.objc; path = Menu.m; sourceTree = "<group>"; };
		670C42871D1108EA000AD858 /* Menu.storyboard */ = {isa = PBXFileReference; fileEncoding = 4; lastKnownFileType = file.storyboard; path = Menu.storyboard; sourceTree = "<group>"; };
		670C428B1D11091F000AD858 /* Notes.h */ = {isa = PBXFileReference; fileEncoding = 4; lastKnownFileType = sourcecode.c.h; path = Notes.h; sourceTree = "<group>"; };
		670C428C1D11091F000AD858 /* Notes.m */ = {isa = PBXFileReference; fileEncoding = 4; lastKnownFileType = sourcecode.c.objc; path = Notes.m; sourceTree = "<group>"; };
		670C428E1D110929000AD858 /* Notes.storyboard */ = {isa = PBXFileReference; fileEncoding = 4; lastKnownFileType = file.storyboard; path = Notes.storyboard; sourceTree = "<group>"; };
		6748CE6C1D11E75C00A05BA6 /* Intervals.h */ = {isa = PBXFileReference; fileEncoding = 4; lastKnownFileType = sourcecode.c.h; path = Intervals.h; sourceTree = "<group>"; };
		6748CE6D1D11E75C00A05BA6 /* Intervals.m */ = {isa = PBXFileReference; fileEncoding = 4; lastKnownFileType = sourcecode.c.objc; path = Intervals.m; sourceTree = "<group>"; };
		6748CE6F1D11E77400A05BA6 /* Intervals.storyboard */ = {isa = PBXFileReference; fileEncoding = 4; lastKnownFileType = file.storyboard; path = Intervals.storyboard; sourceTree = "<group>"; };
		6748CE711D11E7CA00A05BA6 /* Chords.h */ = {isa = PBXFileReference; fileEncoding = 4; lastKnownFileType = sourcecode.c.h; path = Chords.h; sourceTree = "<group>"; };
		6748CE721D11E7CA00A05BA6 /* Chords.m */ = {isa = PBXFileReference; fileEncoding = 4; lastKnownFileType = sourcecode.c.objc; path = Chords.m; sourceTree = "<group>"; };
		6748CE741D11E7D500A05BA6 /* Chords.storyboard */ = {isa = PBXFileReference; fileEncoding = 4; lastKnownFileType = file.storyboard; path = Chords.storyboard; sourceTree = "<group>"; };
		6748CE761D11E7E300A05BA6 /* Modes.h */ = {isa = PBXFileReference; fileEncoding = 4; lastKnownFileType = sourcecode.c.h; path = Modes.h; sourceTree = "<group>"; };
		6748CE771D11E7E300A05BA6 /* Modes.m */ = {isa = PBXFileReference; fileEncoding = 4; lastKnownFileType = sourcecode.c.objc; path = Modes.m; sourceTree = "<group>"; };
		6748CE791D11E7EB00A05BA6 /* Modes.storyboard */ = {isa = PBXFileReference; fileEncoding = 4; lastKnownFileType = file.storyboard; path = Modes.storyboard; sourceTree = "<group>"; };
		6748CE7B1D11E7F900A05BA6 /* Scales.h */ = {isa = PBXFileReference; fileEncoding = 4; lastKnownFileType = sourcecode.c.h; path = Scales.h; sourceTree = "<group>"; };
		6748CE7C1D11E7F900A05BA6 /* Scales.m */ = {isa = PBXFileReference; fileEncoding = 4; lastKnownFileType = sourcecode.c.objc; path = Scales.m; sourceTree = "<group>"; };
		6748CE7E1D11E80500A05BA6 /* Scales.storyboard */ = {isa = PBXFileReference; fileEncoding = 4; lastKnownFileType = file.storyboard; path = Scales.storyboard; sourceTree = "<group>"; };
		67F55ACB1D1005CC006B98FD /* Keyroulette.app */ = {isa = PBXFileReference; explicitFileType = wrapper.application; includeInIndex = 0; path = Keyroulette.app; sourceTree = BUILT_PRODUCTS_DIR; };
		67F55ACF1D1005CC006B98FD /* main.m */ = {isa = PBXFileReference; lastKnownFileType = sourcecode.c.objc; path = main.m; sourceTree = "<group>"; };
		67F55AD11D1005CC006B98FD /* AppDelegate.h */ = {isa = PBXFileReference; lastKnownFileType = sourcecode.c.h; path = AppDelegate.h; sourceTree = "<group>"; };
		67F55AD21D1005CC006B98FD /* AppDelegate.m */ = {isa = PBXFileReference; lastKnownFileType = sourcecode.c.objc; path = AppDelegate.m; sourceTree = "<group>"; };
		67F55ADA1D1005CC006B98FD /* Assets.xcassets */ = {isa = PBXFileReference; lastKnownFileType = folder.assetcatalog; path = Assets.xcassets; sourceTree = "<group>"; };
		67F55ADD1D1005CC006B98FD /* Base */ = {isa = PBXFileReference; lastKnownFileType = file.storyboard; name = Base; path = Base.lproj/LaunchScreen.storyboard; sourceTree = "<group>"; };
		67F55ADF1D1005CC006B98FD /* Info.plist */ = {isa = PBXFileReference; lastKnownFileType = text.plist.xml; path = Info.plist; sourceTree = "<group>"; };
		67FAB65E1D110C3A0000F90E /* MenuCell.h */ = {isa = PBXFileReference; fileEncoding = 4; lastKnownFileType = sourcecode.c.h; path = MenuCell.h; sourceTree = "<group>"; };
		67FAB65F1D110C3A0000F90E /* MenuCell.m */ = {isa = PBXFileReference; fileEncoding = 4; lastKnownFileType = sourcecode.c.objc; path = MenuCell.m; sourceTree = "<group>"; };
		67FDC3C91D11D6D200759182 /* TheoryLibrary.h */ = {isa = PBXFileReference; fileEncoding = 4; lastKnownFileType = sourcecode.c.h; path = TheoryLibrary.h; sourceTree = "<group>"; };
		67FDC3CA1D11D6D200759182 /* TheoryLibrary.m */ = {isa = PBXFileReference; fileEncoding = 4; lastKnownFileType = sourcecode.c.objc; path = TheoryLibrary.m; sourceTree = "<group>"; };
		67FDC3CC1D11E1D000759182 /* PracticeType.h */ = {isa = PBXFileReference; fileEncoding = 4; lastKnownFileType = sourcecode.c.h; path = PracticeType.h; sourceTree = "<group>"; };
		67FDC3CD1D11E1D000759182 /* PracticeType.m */ = {isa = PBXFileReference; fileEncoding = 4; lastKnownFileType = sourcecode.c.objc; path = PracticeType.m; sourceTree = "<group>"; };
/* End PBXFileReference section */

/* Begin PBXFrameworksBuildPhase section */
		67F55AC81D1005CC006B98FD /* Frameworks */ = {
			isa = PBXFrameworksBuildPhase;
			buildActionMask = 2147483647;
			files = (
			);
			runOnlyForDeploymentPostprocessing = 0;
		};
/* End PBXFrameworksBuildPhase section */

/* Begin PBXGroup section */
		670C42771D110818000AD858 /* Lib */ = {
			isa = PBXGroup;
			children = (
				670C42781D110818000AD858 /* MFSideMenu */,
			);
			path = Lib;
			sourceTree = "<group>";
		};
		670C42781D110818000AD858 /* MFSideMenu */ = {
			isa = PBXGroup;
			children = (
				670C42791D110818000AD858 /* MFSideMenu.h */,
				670C427A1D110818000AD858 /* MFSideMenuContainerViewController.h */,
				670C427B1D110818000AD858 /* MFSideMenuContainerViewController.m */,
				670C427C1D110818000AD858 /* MFSideMenuShadow.h */,
				670C427D1D110818000AD858 /* MFSideMenuShadow.m */,
				670C427E1D110818000AD858 /* UIViewController+MFSideMenuAdditions.h */,
				670C427F1D110818000AD858 /* UIViewController+MFSideMenuAdditions.m */,
			);
			path = MFSideMenu;
			sourceTree = "<group>";
		};
		670C42831D1108EA000AD858 /* ViewControllers */ = {
			isa = PBXGroup;
			children = (
				670C428A1D11090E000AD858 /* Notes */,
				6748CE681D11E72B00A05BA6 /* Intervals */,
				6748CE691D11E73200A05BA6 /* Chords */,
				6748CE6A1D11E73900A05BA6 /* Modes */,
				6748CE6B1D11E73F00A05BA6 /* Scales */,
				670C42841D1108EA000AD858 /* Menu */,
			);
			path = ViewControllers;
			sourceTree = "<group>";
		};
		670C42841D1108EA000AD858 /* Menu */ = {
			isa = PBXGroup;
			children = (
				670C42851D1108EA000AD858 /* Menu.h */,
				670C42861D1108EA000AD858 /* Menu.m */,
				670C42871D1108EA000AD858 /* Menu.storyboard */,
				67FAB65E1D110C3A0000F90E /* MenuCell.h */,
				67FAB65F1D110C3A0000F90E /* MenuCell.m */,
			);
			path = Menu;
			sourceTree = "<group>";
		};
		670C428A1D11090E000AD858 /* Notes */ = {
			isa = PBXGroup;
			children = (
				670C428B1D11091F000AD858 /* Notes.h */,
				670C428C1D11091F000AD858 /* Notes.m */,
				670C428E1D110929000AD858 /* Notes.storyboard */,
			);
			path = Notes;
			sourceTree = "<group>";
		};
		6748CE681D11E72B00A05BA6 /* Intervals */ = {
			isa = PBXGroup;
			children = (
				6748CE6C1D11E75C00A05BA6 /* Intervals.h */,
				6748CE6D1D11E75C00A05BA6 /* Intervals.m */,
				6748CE6F1D11E77400A05BA6 /* Intervals.storyboard */,
			);
			path = Intervals;
			sourceTree = "<group>";
		};
		6748CE691D11E73200A05BA6 /* Chords */ = {
			isa = PBXGroup;
			children = (
				6748CE711D11E7CA00A05BA6 /* Chords.h */,
				6748CE721D11E7CA00A05BA6 /* Chords.m */,
				6748CE741D11E7D500A05BA6 /* Chords.storyboard */,
			);
			path = Chords;
			sourceTree = "<group>";
		};
		6748CE6A1D11E73900A05BA6 /* Modes */ = {
			isa = PBXGroup;
			children = (
				6748CE761D11E7E300A05BA6 /* Modes.h */,
				6748CE771D11E7E300A05BA6 /* Modes.m */,
				6748CE791D11E7EB00A05BA6 /* Modes.storyboard */,
			);
			path = Modes;
			sourceTree = "<group>";
		};
		6748CE6B1D11E73F00A05BA6 /* Scales */ = {
			isa = PBXGroup;
			children = (
				6748CE7B1D11E7F900A05BA6 /* Scales.h */,
				6748CE7C1D11E7F900A05BA6 /* Scales.m */,
				6748CE7E1D11E80500A05BA6 /* Scales.storyboard */,
			);
			path = Scales;
			sourceTree = "<group>";
		};
		67F55AC21D1005CC006B98FD = {
			isa = PBXGroup;
			children = (
				67F55ACD1D1005CC006B98FD /* Keyroulette */,
				67F55ACC1D1005CC006B98FD /* Products */,
			);
			sourceTree = "<group>";
		};
		67F55ACC1D1005CC006B98FD /* Products */ = {
			isa = PBXGroup;
			children = (
				67F55ACB1D1005CC006B98FD /* Keyroulette.app */,
			);
			name = Products;
			sourceTree = "<group>";
		};
		67F55ACD1D1005CC006B98FD /* Keyroulette */ = {
			isa = PBXGroup;
			children = (
				670C42831D1108EA000AD858 /* ViewControllers */,
				670C42771D110818000AD858 /* Lib */,
				67FDC3C81D11D6B500759182 /* Util */,
				67F55ACE1D1005CC006B98FD /* Supporting Files */,
			);
			path = Keyroulette;
			sourceTree = "<group>";
		};
		67F55ACE1D1005CC006B98FD /* Supporting Files */ = {
			isa = PBXGroup;
			children = (
				67F55AD11D1005CC006B98FD /* AppDelegate.h */,
				67F55AD21D1005CC006B98FD /* AppDelegate.m */,
				67F55ADA1D1005CC006B98FD /* Assets.xcassets */,
				67F55ADC1D1005CC006B98FD /* LaunchScreen.storyboard */,
				67F55ADF1D1005CC006B98FD /* Info.plist */,
				67F55ACF1D1005CC006B98FD /* main.m */,
			);
			name = "Supporting Files";
			sourceTree = "<group>";
		};
		67FDC3C81D11D6B500759182 /* Util */ = {
			isa = PBXGroup;
			children = (
				67FDC3C91D11D6D200759182 /* TheoryLibrary.h */,
				67FDC3CA1D11D6D200759182 /* TheoryLibrary.m */,
				67FDC3CC1D11E1D000759182 /* PracticeType.h */,
				67FDC3CD1D11E1D000759182 /* PracticeType.m */,
			);
			path = Util;
			sourceTree = "<group>";
		};
/* End PBXGroup section */

/* Begin PBXNativeTarget section */
		67F55ACA1D1005CC006B98FD /* Keyroulette */ = {
			isa = PBXNativeTarget;
			buildConfigurationList = 67F55AE21D1005CC006B98FD /* Build configuration list for PBXNativeTarget "Keyroulette" */;
			buildPhases = (
				67F55AC71D1005CC006B98FD /* Sources */,
				67F55AC81D1005CC006B98FD /* Frameworks */,
				67F55AC91D1005CC006B98FD /* Resources */,
			);
			buildRules = (
			);
			dependencies = (
			);
			name = Keyroulette;
			productName = Keyroulette;
			productReference = 67F55ACB1D1005CC006B98FD /* Keyroulette.app */;
			productType = "com.apple.product-type.application";
		};
/* End PBXNativeTarget section */

/* Begin PBXProject section */
		67F55AC31D1005CC006B98FD /* Project object */ = {
			isa = PBXProject;
			attributes = {
				LastUpgradeCheck = 0730;
				ORGANIZATIONNAME = "Scott Cho";
				TargetAttributes = {
					67F55ACA1D1005CC006B98FD = {
						CreatedOnToolsVersion = 7.3.1;
					};
				};
			};
			buildConfigurationList = 67F55AC61D1005CC006B98FD /* Build configuration list for PBXProject "Keyroulette" */;
			compatibilityVersion = "Xcode 3.2";
			developmentRegion = English;
			hasScannedForEncodings = 0;
			knownRegions = (
				en,
				Base,
			);
			mainGroup = 67F55AC21D1005CC006B98FD;
			productRefGroup = 67F55ACC1D1005CC006B98FD /* Products */;
			projectDirPath = "";
			projectRoot = "";
			targets = (
				67F55ACA1D1005CC006B98FD /* Keyroulette */,
			);
		};
/* End PBXProject section */

/* Begin PBXResourcesBuildPhase section */
		67F55AC91D1005CC006B98FD /* Resources */ = {
			isa = PBXResourcesBuildPhase;
			buildActionMask = 2147483647;
			files = (
				670C428F1D110929000AD858 /* Notes.storyboard in Resources */,
				670C42891D1108EA000AD858 /* Menu.storyboard in Resources */,
				67F55ADE1D1005CC006B98FD /* LaunchScreen.storyboard in Resources */,
				6748CE7F1D11E80500A05BA6 /* Scales.storyboard in Resources */,
				6748CE751D11E7D500A05BA6 /* Chords.storyboard in Resources */,
				6748CE7A1D11E7EB00A05BA6 /* Modes.storyboard in Resources */,
				6748CE701D11E77400A05BA6 /* Intervals.storyboard in Resources */,
				67F55ADB1D1005CC006B98FD /* Assets.xcassets in Resources */,
			);
			runOnlyForDeploymentPostprocessing = 0;
		};
/* End PBXResourcesBuildPhase section */

/* Begin PBXSourcesBuildPhase section */
		67F55AC71D1005CC006B98FD /* Sources */ = {
			isa = PBXSourcesBuildPhase;
			buildActionMask = 2147483647;
			files = (
				6748CE781D11E7E300A05BA6 /* Modes.m in Sources */,
				6748CE6E1D11E75C00A05BA6 /* Intervals.m in Sources */,
				67F55AD31D1005CC006B98FD /* AppDelegate.m in Sources */,
				6748CE731D11E7CA00A05BA6 /* Chords.m in Sources */,
				670C42801D110818000AD858 /* MFSideMenuContainerViewController.m in Sources */,
				67FDC3CB1D11D6D200759182 /* TheoryLibrary.m in Sources */,
				6748CE7D1D11E7F900A05BA6 /* Scales.m in Sources */,
				67FAB6601D110C3A0000F90E /* MenuCell.m in Sources */,
				670C42881D1108EA000AD858 /* Menu.m in Sources */,
				670C42811D110818000AD858 /* MFSideMenuShadow.m in Sources */,
				670C42821D110818000AD858 /* UIViewController+MFSideMenuAdditions.m in Sources */,
				670C428D1D11091F000AD858 /* Notes.m in Sources */,
				67FDC3CE1D11E1D000759182 /* PracticeType.m in Sources */,
				67F55AD01D1005CC006B98FD /* main.m in Sources */,
			);
			runOnlyForDeploymentPostprocessing = 0;
		};
/* End PBXSourcesBuildPhase section */

/* Begin PBXVariantGroup section */
		67F55ADC1D1005CC006B98FD /* LaunchScreen.storyboard */ = {
			isa = PBXVariantGroup;
			children = (
				67F55ADD1D1005CC006B98FD /* Base */,
			);
			name = LaunchScreen.storyboard;
			sourceTree = "<group>";
		};
/* End PBXVariantGroup section */

/* Begin XCBuildConfiguration section */
		67F55AE01D1005CC006B98FD /* Debug */ = {
			isa = XCBuildConfiguration;
			buildSettings = {
				ALWAYS_SEARCH_USER_PATHS = NO;
				CLANG_ANALYZER_NONNULL = YES;
				CLANG_CXX_LANGUAGE_STANDARD = "gnu++0x";
				CLANG_CXX_LIBRARY = "libc++";
				CLANG_ENABLE_MODULES = YES;
				CLANG_ENABLE_OBJC_ARC = YES;
				CLANG_WARN_BOOL_CONVERSION = YES;
				CLANG_WARN_CONSTANT_CONVERSION = YES;
				CLANG_WARN_DIRECT_OBJC_ISA_USAGE = YES_ERROR;
				CLANG_WARN_EMPTY_BODY = YES;
				CLANG_WARN_ENUM_CONVERSION = YES;
				CLANG_WARN_INT_CONVERSION = YES;
				CLANG_WARN_OBJC_ROOT_CLASS = YES_ERROR;
				CLANG_WARN_UNREACHABLE_CODE = YES;
				CLANG_WARN__DUPLICATE_METHOD_MATCH = YES;
				"CODE_SIGN_IDENTITY[sdk=iphoneos*]" = "iPhone Developer";
				COPY_PHASE_STRIP = NO;
				DEBUG_INFORMATION_FORMAT = dwarf;
				ENABLE_STRICT_OBJC_MSGSEND = YES;
				ENABLE_TESTABILITY = YES;
				GCC_C_LANGUAGE_STANDARD = gnu99;
				GCC_DYNAMIC_NO_PIC = NO;
				GCC_NO_COMMON_BLOCKS = YES;
				GCC_OPTIMIZATION_LEVEL = 0;
				GCC_PREPROCESSOR_DEFINITIONS = (
					"DEBUG=1",
					"$(inherited)",
				);
				GCC_WARN_64_TO_32_BIT_CONVERSION = YES;
				GCC_WARN_ABOUT_RETURN_TYPE = YES_ERROR;
				GCC_WARN_UNDECLARED_SELECTOR = YES;
				GCC_WARN_UNINITIALIZED_AUTOS = YES_AGGRESSIVE;
				GCC_WARN_UNUSED_FUNCTION = YES;
				GCC_WARN_UNUSED_VARIABLE = YES;
				IPHONEOS_DEPLOYMENT_TARGET = 9.3;
				MTL_ENABLE_DEBUG_INFO = YES;
				ONLY_ACTIVE_ARCH = YES;
				SDKROOT = iphoneos;
			};
			name = Debug;
		};
		67F55AE11D1005CC006B98FD /* Release */ = {
			isa = XCBuildConfiguration;
			buildSettings = {
				ALWAYS_SEARCH_USER_PATHS = NO;
				CLANG_ANALYZER_NONNULL = YES;
				CLANG_CXX_LANGUAGE_STANDARD = "gnu++0x";
				CLANG_CXX_LIBRARY = "libc++";
				CLANG_ENABLE_MODULES = YES;
				CLANG_ENABLE_OBJC_ARC = YES;
				CLANG_WARN_BOOL_CONVERSION = YES;
				CLANG_WARN_CONSTANT_CONVERSION = YES;
				CLANG_WARN_DIRECT_OBJC_ISA_USAGE = YES_ERROR;
				CLANG_WARN_EMPTY_BODY = YES;
				CLANG_WARN_ENUM_CONVERSION = YES;
				CLANG_WARN_INT_CONVERSION = YES;
				CLANG_WARN_OBJC_ROOT_CLASS = YES_ERROR;
				CLANG_WARN_UNREACHABLE_CODE = YES;
				CLANG_WARN__DUPLICATE_METHOD_MATCH = YES;
				"CODE_SIGN_IDENTITY[sdk=iphoneos*]" = "iPhone Developer";
				COPY_PHASE_STRIP = NO;
				DEBUG_INFORMATION_FORMAT = "dwarf-with-dsym";
				ENABLE_NS_ASSERTIONS = NO;
				ENABLE_STRICT_OBJC_MSGSEND = YES;
				GCC_C_LANGUAGE_STANDARD = gnu99;
				GCC_NO_COMMON_BLOCKS = YES;
				GCC_WARN_64_TO_32_BIT_CONVERSION = YES;
				GCC_WARN_ABOUT_RETURN_TYPE = YES_ERROR;
				GCC_WARN_UNDECLARED_SELECTOR = YES;
				GCC_WARN_UNINITIALIZED_AUTOS = YES_AGGRESSIVE;
				GCC_WARN_UNUSED_FUNCTION = YES;
				GCC_WARN_UNUSED_VARIABLE = YES;
				IPHONEOS_DEPLOYMENT_TARGET = 9.3;
				MTL_ENABLE_DEBUG_INFO = NO;
				SDKROOT = iphoneos;
				VALIDATE_PRODUCT = YES;
			};
			name = Release;
		};
		67F55AE31D1005CC006B98FD /* Debug */ = {
			isa = XCBuildConfiguration;
			buildSettings = {
				ASSETCATALOG_COMPILER_APPICON_NAME = AppIcon;
				INFOPLIST_FILE = Keyroulette/Info.plist;
				LD_RUNPATH_SEARCH_PATHS = "$(inherited) @executable_path/Frameworks";
				PRODUCT_BUNDLE_IDENTIFIER = com.change.Keyroulette;
				PRODUCT_NAME = "$(TARGET_NAME)";
			};
			name = Debug;
		};
		67F55AE41D1005CC006B98FD /* Release */ = {
			isa = XCBuildConfiguration;
			buildSettings = {
				ASSETCATALOG_COMPILER_APPICON_NAME = AppIcon;
				INFOPLIST_FILE = Keyroulette/Info.plist;
				LD_RUNPATH_SEARCH_PATHS = "$(inherited) @executable_path/Frameworks";
				PRODUCT_BUNDLE_IDENTIFIER = com.change.Keyroulette;
				PRODUCT_NAME = "$(TARGET_NAME)";
			};
			name = Release;
		};
/* End XCBuildConfiguration section */

/* Begin XCConfigurationList section */
		67F55AC61D1005CC006B98FD /* Build configuration list for PBXProject "Keyroulette" */ = {
			isa = XCConfigurationList;
			buildConfigurations = (
				67F55AE01D1005CC006B98FD /* Debug */,
				67F55AE11D1005CC006B98FD /* Release */,
			);
			defaultConfigurationIsVisible = 0;
			defaultConfigurationName = Release;
		};
		67F55AE21D1005CC006B98FD /* Build configuration list for PBXNativeTarget "Keyroulette" */ = {
			isa = XCConfigurationList;
			buildConfigurations = (
				67F55AE31D1005CC006B98FD /* Debug */,
				67F55AE41D1005CC006B98FD /* Release */,
			);
			defaultConfigurationIsVisible = 0;
			defaultConfigurationName = Release;
		};
/* End XCConfigurationList section */
	};
	rootObject = 67F55AC31D1005CC006B98FD /* Project object */;
}
